# This file is generated by running "yarn install" inside your project.
# Manual changes might be lost - proceed with caution!

__metadata:
  version: 6
  cacheKey: 8

"@types/reveal.js@npm:^4.4.2":
  version: 4.4.2
  resolution: "@types/reveal.js@npm:4.4.2"
  checksum: db85a44b12f2aa1da24344cb00aa861035b0af5865c3238b23b5d4a30d57f57c17061d92275756545fb772fb795adaf630cb4d3e8359fb8bcfe7d1d5951eac21
  languageName: node
  linkType: hard

"reveal.js@npm:^4.5.0":
  version: 4.5.0
  resolution: "reveal.js@npm:4.5.0"
  checksum: c6bd879c603c426666fc33da78b98e0cc14d073f2b6f62ac8f3d3b737c31dc95d21a7fa3ff920d6cc0f5adb28efc0e1fc46d7408065bad1feff6cefcf2986143
  languageName: node
  linkType: hard

"slides@workspace:.":
  version: 0.0.0-use.local
  resolution: "slides@workspace:."
  dependencies:
    "@types/reveal.js": ^4.4.2
    reveal.js: ^4.5.0
  languageName: unknown
  linkType: soft
